<?xml version="1.0" encoding="UTF-8"?>
<Scheme
   version = "1.3">
   <BuildAction>
      <BuildActionEntries>
         <BuildActionEntry
            buildForRunning = "YES">
            <BuildableReference
               BuildableIdentifier = "primary"
               BlueprintIdentifier = "A673B62D22314C0D0086EAB3"
               BuildableName = "QRCodeScanner.app"
               BlueprintName = "QRCodeScanner"
               ReferencedContainer = "container:QRCodeScanner.xcodeproj">
            </BuildableReference>
         </BuildActionEntry>
      </BuildActionEntries>
   </BuildAction>
   <LaunchAction
      useCustomWorkingDirectory = "NO"
      buildConfiguration = "Debug"
      allowLocationSimulation = "YES">
      <BuildableProductRunnable>
         <BuildableReference
            BuildableIdentifier = "primary"
            BlueprintIdentifier = "A673B62D22314C0D0086EAB3"
            BuildableName = "QRCodeScanner.app"
            BlueprintName = "QRCodeScanner"
            ReferencedContainer = "container:QRCodeScanner.xcodeproj">
         </BuildableReference>
      </BuildableProductRunnable>
   </LaunchAction>
</Scheme>
